// !$*UTF8*$!
{
	archiveVersion = 1;
	classes = {
	};
	objectVersion = 56;
	objects = {

/* Begin PBXBuildFile section */
		A1000001233D000100000001 /* PickWordsApp.swift in Sources */ = {isa = PBXBuildFile; fileRef = A1000001233D000000000001 /* PickWordsApp.swift */; };
		A1000001233D000100000002 /* ContentView.swift in Sources */ = {isa = PBXBuildFile; fileRef = A1000001233D000000000002 /* ContentView.swift */; };
		A1000001233D000100000003 /* Assets.xcassets in Resources */ = {isa = PBXBuildFile; fileRef = A1000001233D000000000003 /* Assets.xcassets */; };
		A1000001233D000100000004 /* Preview Assets.xcassets in Resources */ = {isa = PBXBuildFile; fileRef = A1000001233D000000000004 /* Preview Assets.xcassets */; };
		A1000001233D000100000005 /* WordCard.swift in Sources */ = {isa = PBXBuildFile; fileRef = A1000001233D000000000005 /* WordCard.swift */; };
		A1000001233D000100000006 /* Collection.swift in Sources */ = {isa = PBXBuildFile; fileRef = A1000001233D000000000006 /* Collection.swift */; };
		A1000001233D000100000007 /* MainTabView.swift in Sources */ = {isa = PBXBuildFile; fileRef = A1000001233D000000000007 /* MainTabView.swift */; };
		A1000001233D000100000008 /* CameraView.swift in Sources */ = {isa = PBXBuildFile; fileRef = A1000001233D000000000008 /* CameraView.swift */; };
		A1000001233D000100000009 /* PhotoPreviewView.swift in Sources */ = {isa = PBXBuildFile; fileRef = A1000001233D000000000009 /* PhotoPreviewView.swift */; };
		A1000001233D00010000000A /* KeychainService.swift in Sources */ = {isa = PBXBuildFile; fileRef = A1000001233D00000000000A /* KeychainService.swift */; };
		A1000001233D00010000000B /* AIService.swift in Sources */ = {isa = PBXBuildFile; fileRef = A1000001233D00000000000B /* AIService.swift */; };
		A1000001233D00010000000C /* VisionService.swift in Sources */ = {isa = PBXBuildFile; fileRef = A1000001233D00000000000C /* VisionService.swift */; };
		A1000001233D00010000000D /* APIKeySettingView.swift in Sources */ = {isa = PBXBuildFile; fileRef = A1000001233D00000000000D /* APIKeySettingView.swift */; };
		A1000001233D00010000000E /* Secrets.swift in Sources */ = {isa = PBXBuildFile; fileRef = A1000001233D00000000000E /* Secrets.swift */; };
		A1000001233D00010000000F /* WordCardListView.swift in Sources */ = {isa = PBXBuildFile; fileRef = A1000001233D00000000000F /* WordCardListView.swift */; };
		A1000001233D000100000010 /* CollectionListView.swift in Sources */ = {isa = PBXBuildFile; fileRef = A1000001233D000000000010 /* CollectionListView.swift */; };
		A1000001233D000100000011 /* FlashcardReviewView.swift in Sources */ = {isa = PBXBuildFile; fileRef = A1000001233D000000000011 /* FlashcardReviewView.swift */; };
/* End PBXBuildFile section */

/* Begin PBXFileReference section */
		A1000001233D000000000000 /* PickWords.app */ = {isa = PBXFileReference; explicitFileType = wrapper.application; includeInIndex = 0; path = PickWords.app; sourceTree = BUILT_PRODUCTS_DIR; };
		A1000001233D000000000001 /* PickWordsApp.swift */ = {isa = PBXFileReference; lastKnownFileType = sourcecode.swift; path = PickWordsApp.swift; sourceTree = "<group>"; };
		A1000001233D000000000002 /* ContentView.swift */ = {isa = PBXFileReference; lastKnownFileType = sourcecode.swift; path = ContentView.swift; sourceTree = "<group>"; };
		A1000001233D000000000003 /* Assets.xcassets */ = {isa = PBXFileReference; lastKnownFileType = folder.assetcatalog; path = Assets.xcassets; sourceTree = "<group>"; };
		A1000001233D000000000004 /* Preview Assets.xcassets */ = {isa = PBXFileReference; lastKnownFileType = folder.assetcatalog; path = "Preview Assets.xcassets"; sourceTree = "<group>"; };
		A1000001233D000000000005 /* WordCard.swift */ = {isa = PBXFileReference; lastKnownFileType = sourcecode.swift; path = WordCard.swift; sourceTree = "<group>"; };
		A1000001233D000000000006 /* Collection.swift */ = {isa = PBXFileReference; lastKnownFileType = sourcecode.swift; path = Collection.swift; sourceTree = "<group>"; };
		A1000001233D000000000007 /* MainTabView.swift */ = {isa = PBXFileReference; lastKnownFileType = sourcecode.swift; path = MainTabView.swift; sourceTree = "<group>"; };
		A1000001233D000000000008 /* CameraView.swift */ = {isa = PBXFileReference; lastKnownFileType = sourcecode.swift; path = CameraView.swift; sourceTree = "<group>"; };
		A1000001233D000000000009 /* PhotoPreviewView.swift */ = {isa = PBXFileReference; lastKnownFileType = sourcecode.swift; path = PhotoPreviewView.swift; sourceTree = "<group>"; };
		A1000001233D00000000000A /* KeychainService.swift */ = {isa = PBXFileReference; lastKnownFileType = sourcecode.swift; path = KeychainService.swift; sourceTree = "<group>"; };
		A1000001233D00000000000B /* AIService.swift */ = {isa = PBXFileReference; lastKnownFileType = sourcecode.swift; path = AIService.swift; sourceTree = "<group>"; };
		A1000001233D00000000000C /* VisionService.swift */ = {isa = PBXFileReference; lastKnownFileType = sourcecode.swift; path = VisionService.swift; sourceTree = "<group>"; };
		A1000001233D00000000000D /* APIKeySettingView.swift */ = {isa = PBXFileReference; lastKnownFileType = sourcecode.swift; path = APIKeySettingView.swift; sourceTree = "<group>"; };
		A1000001233D00000000000E /* Secrets.swift */ = {isa = PBXFileReference; lastKnownFileType = sourcecode.swift; path = Secrets.swift; sourceTree = "<group>"; };
		A1000001233D00000000000F /* WordCardListView.swift */ = {isa = PBXFileReference; lastKnownFileType = sourcecode.swift; path = WordCardListView.swift; sourceTree = "<group>"; };
		A1000001233D000000000010 /* CollectionListView.swift */ = {isa = PBXFileReference; lastKnownFileType = sourcecode.swift; path = CollectionListView.swift; sourceTree = "<group>"; };
		A1000001233D000000000011 /* FlashcardReviewView.swift */ = {isa = PBXFileReference; lastKnownFileType = sourcecode.swift; path = FlashcardReviewView.swift; sourceTree = "<group>"; };
/* End PBXFileReference section */

/* Begin PBXFrameworksBuildPhase section */
		A1000001233DFBP000000001 /* Frameworks */ = {
			isa = PBXFrameworksBuildPhase;
			buildActionMask = 2147483647;
			files = (
			);
			runOnlyForDeploymentPostprocessing = 0;
		};
/* End PBXFrameworksBuildPhase section */

/* Begin PBXGroup section */
		A1000001233DGRP000000000 = {
			isa = PBXGroup;
			children = (
				A1000001233DGRP000000001 /* PickWords */,
				A1000001233DGRP000000002 /* Products */,
			);
			sourceTree = "<group>";
		};
		A1000001233DGRP000000001 /* PickWords */ = {
			isa = PBXGroup;
			children = (
				A1000001233DGRP000000003 /* App */,
				A1000001233DGRP000000004 /* Views */,
				A1000001233DGRP000000005 /* Models */,
				A1000001233DGRP000000006 /* Services */,
				A1000001233DGRP000000007 /* Components */,
				A1000001233DGRP000000012 /* Config */,
				A1000001233DGRP000000008 /* Resources */,
			);
			path = PickWords;
			sourceTree = "<group>";
		};
		A1000001233DGRP000000002 /* Products */ = {
			isa = PBXGroup;
			children = (
				A1000001233D000000000000 /* PickWords.app */,
			);
			name = Products;
			sourceTree = "<group>";
		};
		A1000001233DGRP000000003 /* App */ = {
			isa = PBXGroup;
			children = (
				A1000001233D000000000001 /* PickWordsApp.swift */,
			);
			path = App;
			sourceTree = "<group>";
		};
		A1000001233DGRP000000004 /* Views */ = {
			isa = PBXGroup;
			children = (
				A1000001233D000000000002 /* ContentView.swift */,
				A1000001233D000000000007 /* MainTabView.swift */,
				A1000001233DGRP000000010 /* Camera */,
				A1000001233DGRP000000013 /* Cards */,
				A1000001233DGRP000000014 /* Collections */,
				A1000001233DGRP000000015 /* Review */,
				A1000001233DGRP000000011 /* Settings */,
			);
			path = Views;
			sourceTree = "<group>";
		};
		A1000001233DGRP000000015 /* Review */ = {
			isa = PBXGroup;
			children = (
				A1000001233D000000000011 /* FlashcardReviewView.swift */,
			);
			path = Review;
			sourceTree = "<group>";
		};
		A1000001233DGRP000000014 /* Collections */ = {
			isa = PBXGroup;
			children = (
				A1000001233D000000000010 /* CollectionListView.swift */,
			);
			path = Collections;
			sourceTree = "<group>";
		};
		A1000001233DGRP000000013 /* Cards */ = {
			isa = PBXGroup;
			children = (
				A1000001233D00000000000F /* WordCardListView.swift */,
			);
			path = Cards;
			sourceTree = "<group>";
		};
		A1000001233DGRP000000005 /* Models */ = {
			isa = PBXGroup;
			children = (
				A1000001233D000000000005 /* WordCard.swift */,
				A1000001233D000000000006 /* Collection.swift */,
			);
			path = Models;
			sourceTree = "<group>";
		};
		A1000001233DGRP000000006 /* Services */ = {
			isa = PBXGroup;
			children = (
				A1000001233D00000000000A /* KeychainService.swift */,
				A1000001233D00000000000B /* AIService.swift */,
				A1000001233D00000000000C /* VisionService.swift */,
			);
			path = Services;
			sourceTree = "<group>";
		};
		A1000001233DGRP000000007 /* Components */ = {
			isa = PBXGroup;
			children = (
			);
			path = Components;
			sourceTree = "<group>";
		};
		A1000001233DGRP000000008 /* Resources */ = {
			isa = PBXGroup;
			children = (
				A1000001233D000000000003 /* Assets.xcassets */,
				A1000001233DGRP000000009 /* Preview Content */,
			);
			path = Resources;
			sourceTree = "<group>";
		};
		A1000001233DGRP000000009 /* Preview Content */ = {
			isa = PBXGroup;
			children = (
				A1000001233D000000000004 /* Preview Assets.xcassets */,
			);
			path = "Preview Content";
			sourceTree = "<group>";
		};
		A1000001233DGRP000000010 /* Camera */ = {
			isa = PBXGroup;
			children = (
				A1000001233D000000000008 /* CameraView.swift */,
				A1000001233D000000000009 /* PhotoPreviewView.swift */,
			);
			path = Camera;
			sourceTree = "<group>";
		};
		A1000001233DGRP000000011 /* Settings */ = {
			isa = PBXGroup;
			children = (
				A1000001233D00000000000D /* APIKeySettingView.swift */,
			);
			path = Settings;
			sourceTree = "<group>";
		};
		A1000001233DGRP000000012 /* Config */ = {
			isa = PBXGroup;
			children = (
				A1000001233D00000000000E /* Secrets.swift */,
			);
			path = Config;
			sourceTree = "<group>";
		};
/* End PBXGroup section */

/* Begin PBXNativeTarget section */
		A1000001233DTGT000000001 /* PickWords */ = {
			isa = PBXNativeTarget;
			buildConfigurationList = A1000001233DCFL000000001 /* Build configuration list for PBXNativeTarget "PickWords" */;
			buildPhases = (
				A1000001233DSRC000000001 /* Sources */,
				A1000001233DFBP000000001 /* Frameworks */,
				A1000001233DRSC000000001 /* Resources */,
			);
			buildRules = (
			);
			dependencies = (
			);
			name = PickWords;
			productName = PickWords;
			productReference = A1000001233D000000000000 /* PickWords.app */;
			productType = "com.apple.product-type.application";
		};
/* End PBXNativeTarget section */

/* Begin PBXProject section */
		A1000001233DPRJ000000001 /* Project object */ = {
			isa = PBXProject;
			attributes = {
				BuildIndependentTargetsInParallel = 1;
				LastSwiftUpdateCheck = 1500;
				LastUpgradeCheck = 1500;
				TargetAttributes = {
					A1000001233DTGT000000001 = {
						CreatedOnToolsVersion = 15.0;
					};
				};
			};
			buildConfigurationList = A1000001233DCFL000000002 /* Build configuration list for PBXProject "PickWords" */;
			compatibilityVersion = "Xcode 14.0";
			developmentRegion = en;
			hasScannedForEncodings = 0;
			knownRegions = (
				en,
				Base,
				"zh-Hans",
			);
			mainGroup = A1000001233DGRP000000000;
			productRefGroup = A1000001233DGRP000000002 /* Products */;
			projectDirPath = "";
			projectRoot = "";
			targets = (
				A1000001233DTGT000000001 /* PickWords */,
			);
		};
/* End PBXProject section */

/* Begin PBXResourcesBuildPhase section */
		A1000001233DRSC000000001 /* Resources */ = {
			isa = PBXResourcesBuildPhase;
			buildActionMask = 2147483647;
			files = (
				A1000001233D000100000004 /* Preview Assets.xcassets in Resources */,
				A1000001233D000100000003 /* Assets.xcassets in Resources */,
			);
			runOnlyForDeploymentPostprocessing = 0;
		};
/* End PBXResourcesBuildPhase section */

/* Begin PBXSourcesBuildPhase section */
		A1000001233DSRC000000001 /* Sources */ = {
			isa = PBXSourcesBuildPhase;
			buildActionMask = 2147483647;
			files = (
				A1000001233D000100000002 /* ContentView.swift in Sources */,
				A1000001233D000100000001 /* PickWordsApp.swift in Sources */,
				A1000001233D000100000005 /* WordCard.swift in Sources */,
				A1000001233D000100000006 /* Collection.swift in Sources */,
				A1000001233D000100000007 /* MainTabView.swift in Sources */,
				A1000001233D000100000008 /* CameraView.swift in Sources */,
				A1000001233D000100000009 /* PhotoPreviewView.swift in Sources */,
				A1000001233D00010000000A /* KeychainService.swift in Sources */,
				A1000001233D00010000000B /* AIService.swift in Sources */,
				A1000001233D00010000000C /* VisionService.swift in Sources */,
				A1000001233D00010000000D /* APIKeySettingView.swift in Sources */,
				A1000001233D00010000000E /* Secrets.swift in Sources */,
				A1000001233D00010000000F /* WordCardListView.swift in Sources */,
				A1000001233D000100000010 /* CollectionListView.swift in Sources */,
				A1000001233D000100000011 /* FlashcardReviewView.swift in Sources */,
			);
			runOnlyForDeploymentPostprocessing = 0;
		};
/* End PBXSourcesBuildPhase section */

/* Begin XCBuildConfiguration section */
		A1000001233DCFG000000001 /* Debug */ = {
			isa = XCBuildConfiguration;
			buildSettings = {
				ALWAYS_SEARCH_USER_PATHS = NO;
				ASSETCATALOG_COMPILER_GENERATE_SWIFT_ASSET_SYMBOL_EXTENSIONS = YES;
				CLANG_ANALYZER_NONNULL = YES;
				CLANG_ANALYZER_NUMBER_OBJECT_CONVERSION = YES_AGGRESSIVE;
				CLANG_CXX_LANGUAGE_STANDARD = "gnu++20";
				CLANG_ENABLE_MODULES = YES;
				CLANG_ENABLE_OBJC_ARC = YES;
				CLANG_ENABLE_OBJC_WEAK = YES;
				CLANG_WARN_BLOCK_CAPTURE_AUTORELEASING = YES;
				CLANG_WARN_BOOL_CONVERSION = YES;
				CLANG_WARN_COMMA = YES;
				CLANG_WARN_CONSTANT_CONVERSION = YES;
				CLANG_WARN_DEPRECATED_OBJC_IMPLEMENTATIONS = YES;
				CLANG_WARN_DIRECT_OBJC_ISA_USAGE = YES_ERROR;
				CLANG_WARN_DOCUMENTATION_COMMENTS = YES;
				CLANG_WARN_EMPTY_BODY = YES;
				CLANG_WARN_ENUM_CONVERSION = YES;
				CLANG_WARN_INFINITE_RECURSION = YES;
				CLANG_WARN_INT_CONVERSION = YES;
				CLANG_WARN_NON_LITERAL_NULL_CONVERSION = YES;
				CLANG_WARN_OBJC_IMPLICIT_RETAIN_SELF = YES;
				CLANG_WARN_OBJC_LITERAL_CONVERSION = YES;
				CLANG_WARN_OBJC_ROOT_CLASS = YES_ERROR;
				CLANG_WARN_QUOTED_INCLUDE_IN_FRAMEWORK_HEADER = YES;
				CLANG_WARN_RANGE_LOOP_ANALYSIS = YES;
				CLANG_WARN_STRICT_PROTOTYPES = YES;
				CLANG_WARN_SUSPICIOUS_MOVE = YES;
				CLANG_WARN_UNGUARDED_AVAILABILITY = YES_AGGRESSIVE;
				CLANG_WARN_UNREACHABLE_CODE = YES;
				CLANG_WARN__DUPLICATE_METHOD_MATCH = YES;
				COPY_PHASE_STRIP = NO;
				DEBUG_INFORMATION_FORMAT = dwarf;
				ENABLE_STRICT_OBJC_MSGSEND = YES;
				ENABLE_TESTABILITY = YES;
				ENABLE_USER_SCRIPT_SANDBOXING = YES;
				GCC_C_LANGUAGE_STANDARD = gnu17;
				GCC_DYNAMIC_NO_PIC = NO;
				GCC_NO_COMMON_BLOCKS = YES;
				GCC_OPTIMIZATION_LEVEL = 0;
				GCC_PREPROCESSOR_DEFINITIONS = (
					"DEBUG=1",
					"$(inherited)",
				);
				GCC_WARN_64_TO_32_BIT_CONVERSION = YES;
				GCC_WARN_ABOUT_RETURN_TYPE = YES_ERROR;
				GCC_WARN_UNDECLARED_SELECTOR = YES;
				GCC_WARN_UNINITIALIZED_AUTOS = YES_AGGRESSIVE;
				GCC_WARN_UNUSED_FUNCTION = YES;
				GCC_WARN_UNUSED_VARIABLE = YES;
				IPHONEOS_DEPLOYMENT_TARGET = 17.0;
				LOCALIZATION_PREFERS_STRING_CATALOGS = YES;
				MTL_ENABLE_DEBUG_INFO = INCLUDE_SOURCE;
				MTL_FAST_MATH = YES;
				ONLY_ACTIVE_ARCH = YES;
				SDKROOT = iphoneos;
				SWIFT_ACTIVE_COMPILATION_CONDITIONS = "DEBUG $(inherited)";
				SWIFT_OPTIMIZATION_LEVEL = "-Onone";
			};
			name = Debug;
		};
		A1000001233DCFG000000002 /* Release */ = {
			isa = XCBuildConfiguration;
			buildSettings = {
				ALWAYS_SEARCH_USER_PATHS = NO;
				ASSETCATALOG_COMPILER_GENERATE_SWIFT_ASSET_SYMBOL_EXTENSIONS = YES;
				CLANG_ANALYZER_NONNULL = YES;
				CLANG_ANALYZER_NUMBER_OBJECT_CONVERSION = YES_AGGRESSIVE;
				CLANG_CXX_LANGUAGE_STANDARD = "gnu++20";
				CLANG_ENABLE_MODULES = YES;
				CLANG_ENABLE_OBJC_ARC = YES;
				CLANG_ENABLE_OBJC_WEAK = YES;
				CLANG_WARN_BLOCK_CAPTURE_AUTORELEASING = YES;
				CLANG_WARN_BOOL_CONVERSION = YES;
				CLANG_WARN_COMMA = YES;
				CLANG_WARN_CONSTANT_CONVERSION = YES;
				CLANG_WARN_DEPRECATED_OBJC_IMPLEMENTATIONS = YES;
				CLANG_WARN_DIRECT_OBJC_ISA_USAGE = YES_ERROR;
				CLANG_WARN_DOCUMENTATION_COMMENTS = YES;
				CLANG_WARN_EMPTY_BODY = YES;
				CLANG_WARN_ENUM_CONVERSION = YES;
				CLANG_WARN_INFINITE_RECURSION = YES;
				CLANG_WARN_INT_CONVERSION = YES;
				CLANG_WARN_NON_LITERAL_NULL_CONVERSION = YES;
				CLANG_WARN_OBJC_IMPLICIT_RETAIN_SELF = YES;
				CLANG_WARN_OBJC_LITERAL_CONVERSION = YES;
				CLANG_WARN_OBJC_ROOT_CLASS = YES_ERROR;
				CLANG_WARN_QUOTED_INCLUDE_IN_FRAMEWORK_HEADER = YES;
				CLANG_WARN_RANGE_LOOP_ANALYSIS = YES;
				CLANG_WARN_STRICT_PROTOTYPES = YES;
				CLANG_WARN_SUSPICIOUS_MOVE = YES;
				CLANG_WARN_UNGUARDED_AVAILABILITY = YES_AGGRESSIVE;
				CLANG_WARN_UNREACHABLE_CODE = YES;
				CLANG_WARN__DUPLICATE_METHOD_MATCH = YES;
				COPY_PHASE_STRIP = NO;
				DEBUG_INFORMATION_FORMAT = "dwarf-with-dsym";
				ENABLE_NS_ASSERTIONS = NO;
				ENABLE_STRICT_OBJC_MSGSEND = YES;
				ENABLE_USER_SCRIPT_SANDBOXING = YES;
				GCC_C_LANGUAGE_STANDARD = gnu17;
				GCC_NO_COMMON_BLOCKS = YES;
				GCC_WARN_64_TO_32_BIT_CONVERSION = YES;
				GCC_WARN_ABOUT_RETURN_TYPE = YES_ERROR;
				GCC_WARN_UNDECLARED_SELECTOR = YES;
				GCC_WARN_UNINITIALIZED_AUTOS = YES_AGGRESSIVE;
				GCC_WARN_UNUSED_FUNCTION = YES;
				GCC_WARN_UNUSED_VARIABLE = YES;
				IPHONEOS_DEPLOYMENT_TARGET = 17.0;
				LOCALIZATION_PREFERS_STRING_CATALOGS = YES;
				MTL_ENABLE_DEBUG_INFO = NO;
				MTL_FAST_MATH = YES;
				SDKROOT = iphoneos;
				SWIFT_COMPILATION_MODE = wholemodule;
				VALIDATE_PRODUCT = YES;
			};
			name = Release;
		};
		A1000001233DCFG000000003 /* Debug */ = {
			isa = XCBuildConfiguration;
			buildSettings = {
				ASSETCATALOG_COMPILER_APPICON_NAME = AppIcon;
				ASSETCATALOG_COMPILER_GLOBAL_ACCENT_COLOR_NAME = AccentColor;
				CODE_SIGN_STYLE = Automatic;
				CURRENT_PROJECT_VERSION = 1;
				DEVELOPMENT_ASSET_PATHS = "\"PickWords/Resources/Preview Content\"";
				DEVELOPMENT_TEAM = 6Q6KB7R678;
				ENABLE_PREVIEWS = YES;
				GENERATE_INFOPLIST_FILE = YES;
				INFOPLIST_KEY_NSCameraUsageDescription = "PickWords 需要使用相机拍摄物品以识别英文单词";
				INFOPLIST_KEY_NSPhotoLibraryUsageDescription = "PickWords 需要访问相册以保存您的单词卡片";
				INFOPLIST_KEY_UIApplicationSceneManifest_Generation = YES;
				INFOPLIST_KEY_UIApplicationSupportsIndirectInputEvents = YES;
				INFOPLIST_KEY_UILaunchScreen_Generation = YES;
				INFOPLIST_KEY_UISupportedInterfaceOrientations_iPad = "UIInterfaceOrientationPortrait UIInterfaceOrientationPortraitUpsideDown UIInterfaceOrientationLandscapeLeft UIInterfaceOrientationLandscapeRight";
				INFOPLIST_KEY_UISupportedInterfaceOrientations_iPhone = "UIInterfaceOrientationPortrait UIInterfaceOrientationLandscapeLeft UIInterfaceOrientationLandscapeRight";
				LD_RUNPATH_SEARCH_PATHS = (
					"$(inherited)",
					"@executable_path/Frameworks",
				);
				MARKETING_VERSION = 1.0;
				PRODUCT_BUNDLE_IDENTIFIER = com.jangejason.PickWords;
				PRODUCT_NAME = "$(TARGET_NAME)";
				SWIFT_EMIT_LOC_STRINGS = YES;
				SWIFT_VERSION = 5.0;
				TARGETED_DEVICE_FAMILY = "1,2";
			};
			name = Debug;
		};
		A1000001233DCFG000000004 /* Release */ = {
			isa = XCBuildConfiguration;
			buildSettings = {
				ASSETCATALOG_COMPILER_APPICON_NAME = AppIcon;
				ASSETCATALOG_COMPILER_GLOBAL_ACCENT_COLOR_NAME = AccentColor;
				CODE_SIGN_STYLE = Automatic;
				CURRENT_PROJECT_VERSION = 1;
				DEVELOPMENT_ASSET_PATHS = "\"PickWords/Resources/Preview Content\"";
				DEVELOPMENT_TEAM = 6Q6KB7R678;
				ENABLE_PREVIEWS = YES;
				GENERATE_INFOPLIST_FILE = YES;
				INFOPLIST_KEY_NSCameraUsageDescription = "PickWords 需要使用相机拍摄物品以识别英文单词";
				INFOPLIST_KEY_NSPhotoLibraryUsageDescription = "PickWords 需要访问相册以保存您的单词卡片";
				INFOPLIST_KEY_UIApplicationSceneManifest_Generation = YES;
				INFOPLIST_KEY_UIApplicationSupportsIndirectInputEvents = YES;
				INFOPLIST_KEY_UILaunchScreen_Generation = YES;
				INFOPLIST_KEY_UISupportedInterfaceOrientations_iPad = "UIInterfaceOrientationPortrait UIInterfaceOrientationPortraitUpsideDown UIInterfaceOrientationLandscapeLeft UIInterfaceOrientationLandscapeRight";
				INFOPLIST_KEY_UISupportedInterfaceOrientations_iPhone = "UIInterfaceOrientationPortrait UIInterfaceOrientationLandscapeLeft UIInterfaceOrientationLandscapeRight";
				LD_RUNPATH_SEARCH_PATHS = (
					"$(inherited)",
					"@executable_path/Frameworks",
				);
				MARKETING_VERSION = 1.0;
				PRODUCT_BUNDLE_IDENTIFIER = com.jangejason.PickWords;
				PRODUCT_NAME = "$(TARGET_NAME)";
				SWIFT_EMIT_LOC_STRINGS = YES;
				SWIFT_VERSION = 5.0;
				TARGETED_DEVICE_FAMILY = "1,2";
			};
			name = Release;
		};
/* End XCBuildConfiguration section */

/* Begin XCConfigurationList section */
		A1000001233DCFL000000001 /* Build configuration list for PBXNativeTarget "PickWords" */ = {
			isa = XCConfigurationList;
			buildConfigurations = (
				A1000001233DCFG000000003 /* Debug */,
				A1000001233DCFG000000004 /* Release */,
			);
			defaultConfigurationIsVisible = 0;
			defaultConfigurationName = Release;
		};
		A1000001233DCFL000000002 /* Build configuration list for PBXProject "PickWords" */ = {
			isa = XCConfigurationList;
			buildConfigurations = (
				A1000001233DCFG000000001 /* Debug */,
				A1000001233DCFG000000002 /* Release */,
			);
			defaultConfigurationIsVisible = 0;
			defaultConfigurationName = Release;
		};
/* End XCConfigurationList section */
	};
	rootObject = A1000001233DPRJ000000001 /* Project object */;
}
